#
# This file is autogenerated by pip-compile with Python 3.9
# by the following command:
#
#    pip-compile --generate-hashes --output-file=tools/ss2-to-hesuvi/requirements.lock --strip-extras tools/ss2-to-hesuvi/requirements.in
#
beautifulsoup4==4.15.0 \
    --hash=sha256:288e3ca7d54b06f2ac191970bc275c1939cb46d450b255bf6718b04aa37ab4f7 \
    --hash=sha256:d6f88de62e1d4e38ecb1077eb9724cd0eff29d2a08ca16a401e9b9e93f117cf9
    # via sofar
certifi==2026.6.17 \
    --hash=sha256:024c88eeec92ca068db80f02b8b07c9cef7b9fe261d1d535abfd5abd6f6af432 \
    --hash=sha256:2227dcbaafe0d2f59279d1762ddddc37783ed4354594f194ffc31d20f41fc3db
    # via
    #   netcdf4
    #   requests
cffi==2.0.0 \
    --hash=sha256:00bdf7acc5f795150faa6957054fbbca2439db2f775ce831222b66f192f03beb \
    --hash=sha256:07b271772c100085dd28b74fa0cd81c8fb1a3ba18b21e03d7c27f3436a10606b \
    --hash=sha256:087067fa8953339c723661eda6b54bc98c5625757ea62e95eb4898ad5e776e9f \
    --hash=sha256:0a1527a803f0a659de1af2e1fd700213caba79377e27e4693648c2923da066f9 \
    --hash=sha256:0cf2d91ecc3fcc0625c2c530fe004f82c110405f101548512cce44322fa8ac44 \
    --hash=sha256:0f6084a0ea23d05d20c3edcda20c3d006f9b6f3fefeac38f59262e10cef47ee2 \
    --hash=sha256:12873ca6cb9b0f0d3a0da705d6086fe911591737a59f28b7936bdfed27c0d47c \
    --hash=sha256:19f705ada2530c1167abacb171925dd886168931e0a7b78f5bffcae5c6b5be75 \
    --hash=sha256:1cd13c99ce269b3ed80b417dcd591415d3372bcac067009b6e0f59c7d4015e65 \
    --hash=sha256:1e3a615586f05fc4065a8b22b8152f0c1b00cdbc60596d187c2a74f9e3036e4e \
    --hash=sha256:1f72fb8906754ac8a2cc3f9f5aaa298070652a0ffae577e0ea9bd480dc3c931a \
    --hash=sha256:1fc9ea04857caf665289b7a75923f2c6ed559b8298a1b8c49e59f7dd95c8481e \
    --hash=sha256:203a48d1fb583fc7d78a4c6655692963b860a417c0528492a6bc21f1aaefab25 \
    --hash=sha256:2081580ebb843f759b9f617314a24ed5738c51d2aee65d31e02f6f7a2b97707a \
    --hash=sha256:21d1152871b019407d8ac3985f6775c079416c282e431a4da6afe7aefd2bccbe \
    --hash=sha256:24b6f81f1983e6df8db3adc38562c83f7d4a0c36162885ec7f7b77c7dcbec97b \
    --hash=sha256:256f80b80ca3853f90c21b23ee78cd008713787b1b1e93eae9f3d6a7134abd91 \
    --hash=sha256:28a3a209b96630bca57cce802da70c266eb08c6e97e5afd61a75611ee6c64592 \
    --hash=sha256:2c8f814d84194c9ea681642fd164267891702542f028a15fc97d4674b6206187 \
    --hash=sha256:2de9a304e27f7596cd03d16f1b7c72219bd944e99cc52b84d0145aefb07cbd3c \
    --hash=sha256:38100abb9d1b1435bc4cc340bb4489635dc2f0da7456590877030c9b3d40b0c1 \
    --hash=sha256:3925dd22fa2b7699ed2617149842d2e6adde22b262fcbfada50e3d195e4b3a94 \
    --hash=sha256:3e17ed538242334bf70832644a32a7aae3d83b57567f9fd60a26257e992b79ba \
    --hash=sha256:3e837e369566884707ddaf85fc1744b47575005c0a229de3327f8f9a20f4efeb \
    --hash=sha256:3f4d46d8b35698056ec29bca21546e1551a205058ae1a181d871e278b0b28165 \
    --hash=sha256:44d1b5909021139fe36001ae048dbdde8214afa20200eda0f64c068cac5d5529 \
    --hash=sha256:45d5e886156860dc35862657e1494b9bae8dfa63bf56796f2fb56e1679fc0bca \
    --hash=sha256:4647afc2f90d1ddd33441e5b0e85b16b12ddec4fca55f0d9671fef036ecca27c \
    --hash=sha256:4671d9dd5ec934cb9a73e7ee9676f9362aba54f7f34910956b84d727b0d73fb6 \
    --hash=sha256:53f77cbe57044e88bbd5ed26ac1d0514d2acf0591dd6bb02a3ae37f76811b80c \
    --hash=sha256:5eda85d6d1879e692d546a078b44251cdd08dd1cfb98dfb77b670c97cee49ea0 \
    --hash=sha256:5fed36fccc0612a53f1d4d9a816b50a36702c28a2aa880cb8a122b3466638743 \
    --hash=sha256:61d028e90346df14fedc3d1e5441df818d095f3b87d286825dfcbd6459b7ef63 \
    --hash=sha256:66f011380d0e49ed280c789fbd08ff0d40968ee7b665575489afa95c98196ab5 \
    --hash=sha256:6824f87845e3396029f3820c206e459ccc91760e8fa24422f8b0c3d1731cbec5 \
    --hash=sha256:6c6c373cfc5c83a975506110d17457138c8c63016b563cc9ed6e056a82f13ce4 \
    --hash=sha256:6d02d6655b0e54f54c4ef0b94eb6be0607b70853c45ce98bd278dc7de718be5d \
    --hash=sha256:6d50360be4546678fc1b79ffe7a66265e28667840010348dd69a314145807a1b \
    --hash=sha256:730cacb21e1bdff3ce90babf007d0a0917cc3e6492f336c2f0134101e0944f93 \
    --hash=sha256:737fe7d37e1a1bffe70bd5754ea763a62a066dc5913ca57e957824b72a85e205 \
    --hash=sha256:74a03b9698e198d47562765773b4a8309919089150a0bb17d829ad7b44b60d27 \
    --hash=sha256:7553fb2090d71822f02c629afe6042c299edf91ba1bf94951165613553984512 \
    --hash=sha256:7a66c7204d8869299919db4d5069a82f1561581af12b11b3c9f48c584eb8743d \
    --hash=sha256:7cc09976e8b56f8cebd752f7113ad07752461f48a58cbba644139015ac24954c \
    --hash=sha256:81afed14892743bbe14dacb9e36d9e0e504cd204e0b165062c488942b9718037 \
    --hash=sha256:8941aaadaf67246224cee8c3803777eed332a19d909b47e29c9842ef1e79ac26 \
    --hash=sha256:89472c9762729b5ae1ad974b777416bfda4ac5642423fa93bd57a09204712322 \
    --hash=sha256:8ea985900c5c95ce9db1745f7933eeef5d314f0565b27625d9a10ec9881e1bfb \
    --hash=sha256:8eca2a813c1cb7ad4fb74d368c2ffbbb4789d377ee5bb8df98373c2cc0dee76c \
    --hash=sha256:92b68146a71df78564e4ef48af17551a5ddd142e5190cdf2c5624d0c3ff5b2e8 \
    --hash=sha256:9332088d75dc3241c702d852d4671613136d90fa6881da7d770a483fd05248b4 \
    --hash=sha256:94698a9c5f91f9d138526b48fe26a199609544591f859c870d477351dc7b2414 \
    --hash=sha256:9a67fc9e8eb39039280526379fb3a70023d77caec1852002b4da7e8b270c4dd9 \
    --hash=sha256:9de40a7b0323d889cf8d23d1ef214f565ab154443c42737dfe52ff82cf857664 \
    --hash=sha256:a05d0c237b3349096d3981b727493e22147f934b20f6f125a3eba8f994bec4a9 \
    --hash=sha256:afb8db5439b81cf9c9d0c80404b60c3cc9c3add93e114dcae767f1477cb53775 \
    --hash=sha256:b18a3ed7d5b3bd8d9ef7a8cb226502c6bf8308df1525e1cc676c3680e7176739 \
    --hash=sha256:b1e74d11748e7e98e2f426ab176d4ed720a64412b6a15054378afdb71e0f37dc \
    --hash=sha256:b21e08af67b8a103c71a250401c78d5e0893beff75e28c53c98f4de42f774062 \
    --hash=sha256:b4c854ef3adc177950a8dfc81a86f5115d2abd545751a304c5bcf2c2c7283cfe \
    --hash=sha256:b882b3df248017dba09d6b16defe9b5c407fe32fc7c65a9c69798e6175601be9 \
    --hash=sha256:baf5215e0ab74c16e2dd324e8ec067ef59e41125d3eade2b863d294fd5035c92 \
    --hash=sha256:c649e3a33450ec82378822b3dad03cc228b8f5963c0c12fc3b1e0ab940f768a5 \
    --hash=sha256:c654de545946e0db659b3400168c9ad31b5d29593291482c43e3564effbcee13 \
    --hash=sha256:c6638687455baf640e37344fe26d37c404db8b80d037c3d29f58fe8d1c3b194d \
    --hash=sha256:c8d3b5532fc71b7a77c09192b4a5a200ea992702734a2e9279a37f2478236f26 \
    --hash=sha256:cb527a79772e5ef98fb1d700678fe031e353e765d1ca2d409c92263c6d43e09f \
    --hash=sha256:cf364028c016c03078a23b503f02058f1814320a56ad535686f90565636a9495 \
    --hash=sha256:d48a880098c96020b02d5a1f7d9251308510ce8858940e6fa99ece33f610838b \
    --hash=sha256:d68b6cef7827e8641e8ef16f4494edda8b36104d79773a334beaa1e3521430f6 \
    --hash=sha256:d9b29c1f0ae438d5ee9acb31cadee00a58c46cc9c0b2f9038c6b0b3470877a8c \
    --hash=sha256:d9b97165e8aed9272a6bb17c01e3cc5871a594a446ebedc996e2397a1c1ea8ef \
    --hash=sha256:da68248800ad6320861f129cd9c1bf96ca849a2771a59e0344e88681905916f5 \
    --hash=sha256:da902562c3e9c550df360bfa53c035b2f241fed6d9aef119048073680ace4a18 \
    --hash=sha256:dbd5c7a25a7cb98f5ca55d258b103a2054f859a46ae11aaf23134f9cc0d356ad \
    --hash=sha256:dd4f05f54a52fb558f1ba9f528228066954fee3ebe629fc1660d874d040ae5a3 \
    --hash=sha256:de8dad4425a6ca6e4e5e297b27b5c824ecc7581910bf9aee86cb6835e6812aa7 \
    --hash=sha256:e11e82b744887154b182fd3e7e8512418446501191994dbf9c9fc1f32cc8efd5 \
    --hash=sha256:e6e73b9e02893c764e7e8d5bb5ce277f1a009cd5243f8228f75f842bf937c534 \
    --hash=sha256:f73b96c41e3b2adedc34a7356e64c8eb96e03a3782b535e043a986276ce12a49 \
    --hash=sha256:f93fd8e5c8c0a4aa1f424d6173f14a892044054871c771f8566e4008eaa359d2 \
    --hash=sha256:fc33c5141b55ed366cfaad382df24fe7dcbc686de5be719b207bb248e3053dc5 \
    --hash=sha256:fc7de24befaeae77ba923797c7c87834c73648a05a4bde34b3b7e5588973a453 \
    --hash=sha256:fe562eb1a64e67dd297ccc4f5addea2501664954f2692b69a76449ec7913ecbf
    # via soundfile
cftime==1.6.4.post1 \
    --hash=sha256:0baa9bc4850929da9f92c25329aa1f651e2d6f23e237504f337ee9e12a769f5d \
    --hash=sha256:0ee2f5af8643aa1b47b7e388763a1a6e0dc05558cd2902cffb9cbcf954397648 \
    --hash=sha256:0f64ca83acc4e3029f737bf3a32530ffa1fbf53124f5bee70b47548bc58671a7 \
    --hash=sha256:1bf7be0a0afc87628cb8c8483412aac6e48e83877004faa0936afb5bf8a877ba \
    --hash=sha256:1dcd1b140bf50da6775c56bd7ca179e84bd258b2f159b53eefd5c514b341f2bf \
    --hash=sha256:24a7fb6cc541a027dab37fdeb695f8a2b21cd7d200be606f81b5abc38f2391e2 \
    --hash=sha256:2892b7e7654142d825655f60eb66c3e1af745901890316907071d44cf9a18d8a \
    --hash=sha256:44e9f8052600803b55f8cb6bcac2be49405c21efa900ec77a9fb7f692db2f7a6 \
    --hash=sha256:50ac76cc9f10ab7bd46e44a71c51a6927051b499b4407df4f29ab13d741b942f \
    --hash=sha256:568b69fc52f406e361db62a4d7a219c6fb0ced138937144c3b3a511648dd6c50 \
    --hash=sha256:5835b9d622f9304d1c23a35603a0f068739f428d902860f25e6e7e5a1b7cd8ea \
    --hash=sha256:5c89766ebf088c097832ea618c24ed5075331f0b7bf8e9c2d4144aefbf2f1850 \
    --hash=sha256:5dcfc872f455db1f12eabe3c3ba98e93757cd60ed3526a53246e966ccde46c8a \
    --hash=sha256:640911d2629f4a8f81f6bc0163a983b6b94f86d1007449b8cbfd926136cda253 \
    --hash=sha256:652700130dbcca3ae36dbb5b61ff360e62aa09fabcabc42ec521091a14389901 \
    --hash=sha256:6579c5c83cdf09d73aa94c7bc34925edd93c5f2c7dd28e074f568f7e376271a0 \
    --hash=sha256:6b731c7133d17b479ca0c3c46a7a04f96197f0a4d753f4c2284c3ff0447279b4 \
    --hash=sha256:6bb6b087f4b2513c37670bccd457e2a666ca489c5f2aad6e2c0e94604dc1b5b9 \
    --hash=sha256:7d9bdeb9174962c9ca00015190bfd693de6b0ec3ec0b3dbc35c693a4f48efdcc \
    --hash=sha256:7f27113f7ccd1ca32881fdcb9a4bec806a5f54ae621fc1c374f1171f3ed98ef2 \
    --hash=sha256:7f50bf0d1b664924aaee636eb2933746b942417d1f8b82ab6c1f6e8ba0da6885 \
    --hash=sha256:800a18aea4e8cb2b206450397cb8a53b154798738af3cdd3c922ce1ca198b0e6 \
    --hash=sha256:8e18021f421aa26527bad8688c1acf0c85fa72730beb6efce969c316743294f2 \
    --hash=sha256:933cb10e1af4e362e77f513e3eb92b34a688729ddbf938bbdfa5ac20a7f44ba0 \
    --hash=sha256:9df3e2d49e548c62d1939e923800b08d2ab732d3ac8d75b857edd7982c878552 \
    --hash=sha256:a4ab54e6c04e68395d454cd4001188fc4ade2fe48035589ed65af80c4527ef08 \
    --hash=sha256:a590f73506f4704ba5e154ef55bfbaed5e1b4ac170f3caeb8c58e4f2c619ee4e \
    --hash=sha256:a90b6ef4a3fc65322c212a2c99cec75d1886f1ebaf0ff6189f7b327566762222 \
    --hash=sha256:c9ea0965a4c87739aebd84fe8eed966e5809d10065eeffd35c99c274b6f8da15 \
    --hash=sha256:cf17a1b36f62e9e73c4c9363dd811e1bbf1170f5ac26d343fb26012ccf482908 \
    --hash=sha256:d2a8c223faea7f1248ab469cc0d7795dd46f2a423789038f439fee7190bae259 \
    --hash=sha256:d7ebdfd81726b0cfb8b524309224fa952898dfa177c13d5f6af5b18cefbf497d \
    --hash=sha256:da367b23eea7cf4df071c88e014a1600d6c5bbf22e3393a4af409903fa397e28 \
    --hash=sha256:e60b8f24b20753f7548f410f7510e28b941f336f84bd34e3cfd7874af6e70281 \
    --hash=sha256:e735cfd544878eb94d0108ff5a093bd1a332dba90f979a31a357756d609a90d5 \
    --hash=sha256:fc2c0abe2dbd147e1b1e6d0f3de19a5ea8b04956acc204830fd8418066090989
    # via netcdf4
charset-normalizer==3.4.9 \
    --hash=sha256:0327fcd59a935777d83410750c50600ee9571af2846f71ce40f25b13da1ef380 \
    --hash=sha256:03d07803992c6c7bbc976327f34b18b6160327fc81cb82c9d504720ac0be3b62 \
    --hash=sha256:04ce310cb89c15df659582aee80a0603788732a5e017d5bd5c81158106ce249c \
    --hash=sha256:0d861473f743244d349b50f850d10eb87aeb22bbdcc8e64f79273c94af5a8226 \
    --hash=sha256:0e94703ec9684807f20cfb5eed95c70f67f2a8f21ad620146d7b5a13677b93e5 \
    --hash=sha256:0fa1aec2d32bcc03c8fa0f6f1712caad1adc38509f31142112e5c9daf5b9c833 \
    --hash=sha256:16b65ea0f2465b6fb52aa22de5eca612aa964ddfec00a912e26f4656cbef890b \
    --hash=sha256:16d10d789dd9bcca1173c95af82c58433122564b7bc39385124be735a35cbe99 \
    --hash=sha256:19ac87f93086ce37b86e098888555c4b4bc48102279bae3350098c0ed664b501 \
    --hash=sha256:1d22856ffbe153a602df38e4a5464f0b748a54002e0d69ac6d2ad0a197cc99ec \
    --hash=sha256:21e764fd1e70b6a3e205a0e46f3051701f98a8cb3fad66eeb80e48bb502f8698 \
    --hash=sha256:231ddcbb35e2ff8973e1365db41fe0572662893b99a05deb183b68ad4c0c8bd4 \
    --hash=sha256:253a4a220747e8b5faf57ec320c4f5efb0cef05f647420bf267143ec15dba10a \
    --hash=sha256:280081916dc341820640489a66e4696049401ef1cf6dd672f672e70ad915aca3 \
    --hash=sha256:2a441ea71902098ffe78c5abe6c494f44160b4af614ed16c3d9a3b1d17fd8ee2 \
    --hash=sha256:304b13570067b2547562e308af560b3963857b1fa90bd6afd978130130fe2d6a \
    --hash=sha256:32286a2c8d167e897177b673176c1e3e00d4057caf5d2b64eef9a3666b03018e \
    --hash=sha256:33bdcc2a32c0a0e861f60841a512c8acc658c87c2ac59d89e3a46dacf7d866e4 \
    --hash=sha256:375b83ed0aecfce76c16d198fbc21f3b11b337d68662bea0a995046682a11419 \
    --hash=sha256:3c09a49d6cde137258beb3d551994a2927fd35ad5cf96aed573f61bbd67c5f84 \
    --hash=sha256:3d92613ec25e43b05f042302531ec0f00b8445190e43325880cbd6ab7c2581da \
    --hash=sha256:40a126142a56b2dfc0aacbad1de8310cbf60da7656db0e6b16eebd48e3e93519 \
    --hash=sha256:416c229f77e5ea25b3dfd4b582f8d73d7e43c22320302b9ab128a2d3a0b38efe \
    --hash=sha256:432786d3561e69aeeae6c7e8648964ce0ad05736120135601f87ac26b9c83381 \
    --hash=sha256:43b9e366a31fdd1c87d0eb08f579b4a82b723ea54338f040d6b4e518a026ea29 \
    --hash=sha256:440eede837960000d74978f0eba527be106b5b9aee0daf779d395276ed0b0614 \
    --hash=sha256:45b0cc4e3556cd875e09102988d1ab8356c998b596c9fced84547c8138b487a0 \
    --hash=sha256:476743fe6dfe14a2da12e3ac79125dc84a3b2cf8094369a47a1529b0cd8549fe \
    --hash=sha256:4773092f8019072343a7447203308b176e10199920eb02d6195e81bbb3274c29 \
    --hash=sha256:4b3dac63058cc36820b0dd072f89898604e2d39686fe05321729d00d8ac185a0 \
    --hash=sha256:4d1c96a7a18b9690a4d46df09e3e3382406ae3213727cd1019ebade1c4a81917 \
    --hash=sha256:51307f5c71007673a2bf8232ad973483d281e74cb99c8c5a990af1eefa6277d9 \
    --hash=sha256:51447e9aa2684679af07ca5021c3db526e0284347ebf4ffcec1154c3350cfe32 \
    --hash=sha256:58150c9f9b9a552505912d182ccdf26f6396fb6094816ceebcbb20eecabaed94 \
    --hash=sha256:5b10cd92fc5c498b35a8635df6d5a100207f88b63a4dc1de7ef9a548e1e2cd63 \
    --hash=sha256:5e226f6218febc71f6c1fc2fafb91c226f75bdc1d8fb12d66823716e891608fd \
    --hash=sha256:609b3ba8fcc0fb5ab7af00719d0fb6ad0cb518e48e7712d12fd68f1327951198 \
    --hash=sha256:60f44ade2cf573dad7a277e6f8ca9a51a21dda572b13bd7d8539bb3cd5dbedde \
    --hash=sha256:611057cc5d5c0afc743ba8be6bd828c17e0aaa8643f9d0a9b9bb7dea80eb8012 \
    --hash=sha256:6366a16e1a25018694d6a5d784d09b046edc9eac40ea2b54065c3052672516a1 \
    --hash=sha256:65a7ff3f705e57d392f7261b6d0550fe137c3019477431f1c355e0db0a7d3e15 \
    --hash=sha256:673611bbd43f0810bec0b0f028ddeaaa501190339cac411f347ac76917c3ae7b \
    --hash=sha256:67830fc78e67501f47bb950471b2dcb9b35b140084429318e862895a8e89c993 \
    --hash=sha256:68ce9f4d6b26d5ccbf7fd4459bf75f74a0a146677ebba80597df60cbdb20e6f4 \
    --hash=sha256:68e5f26a1ad57ded6d1cfb85331d1c1a195314756471d97758c48498bb4dcdf5 \
    --hash=sha256:69b157c5d3292bcd443faca052f3096f637f1e074b98212a933c074ae23dc3b8 \
    --hash=sha256:75286256590a6320cf106a0d28970d3560aad9ee09aa7b34fb40524792436d35 \
    --hash=sha256:78841cccf1af7b40f6f716338d50c0902dbe88d9f800b3c973b7a9a0a693a642 \
    --hash=sha256:78fa18e436a1a0e58dbd7e02fc4473f3f32cceb12df9dfca542d075961c307d2 \
    --hash=sha256:79580094b00d1789d1f93ea55bc43cb2f611910c72235b7657f3482ddcc1b22d \
    --hash=sha256:7b86a2b16095d250c6f58b3d9b2eee6f4147754344f3dab0922f7c9bf7d226c9 \
    --hash=sha256:83aed2c10721ddd90f68140685391b50811a880af20654c59af6b6c66c40513c \
    --hash=sha256:84fd18bcc17526fc2b3c1af7d2b9217d32c9c04448c16ec693b9b4f1985c3d33 \
    --hash=sha256:871ff67ea1aad4dfd91736464934d56b32dac49f9fbe16cddba36198a7b3a0db \
    --hash=sha256:898f0e9068ca27d37f8e83a5b962821df851532e6c4a7d615c1c033f9da6eedf \
    --hash=sha256:8a79d9f4d8001473a30c163556b3c3bfebec837495a412dde78b51672f6134f9 \
    --hash=sha256:8c041122946b7ba21bb32c45b1aa57b1be35527690aeb3c5c234521085632eee \
    --hash=sha256:90c44bc373b7687f6948b693cceaea1348ae0975d7474746559494468e3c1d84 \
    --hash=sha256:9104ed0bd76a429d46f9ec0dbc9b08ad1d2dcdf2b00a5a0daa1c145329b35b44 \
    --hash=sha256:920079c3f7456fa213e0829ed2073aaa727fd39d889ead5b4f35d0de5460d04f \
    --hash=sha256:93d59d504b230e83c7a843251681959a0b6a9cd76f6e146ce1b8a80eb8739af9 \
    --hash=sha256:9b2aff1c7b3884512b9512c3eaadd9bab39fb45042ffaaa1dd08ff2b9f8109d9 \
    --hash=sha256:9b8e0f3107e2200b76f6054de99016eac3ee6762713587b36baaa7e4bd2ae177 \
    --hash=sha256:9bb41182d93ea91f60b4bc8fbf4c820c69ef8a12ab2d917f3f1834f1acad07e8 \
    --hash=sha256:9cdef90ae47919cae358d8ab15797a800ed41da7aba5d72419fb510729e2ed4b \
    --hash=sha256:a1786910334ed46ab1dd73222f2cd1e05c2c3bb39f6dddb4f8b36fc382058a39 \
    --hash=sha256:a4cfde78a9f2880208d16a93b795726a3017d5977e08d1e162a7a31322479c41 \
    --hash=sha256:a4fbdde9dd4a9ce5fd52c2b3a347bb50cc89483ef783f1cb00d408c13f7a96c0 \
    --hash=sha256:aa99adc8f081b475a12843953db36831eaf83ec33eb46a90629ca6a5de45a616 \
    --hash=sha256:ac351b3b8014eead140e77e9717e2992c6bbe30b63bc3422422eb84865412e3d \
    --hash=sha256:ad41ba96094304aa090f5a30cb6e4fb3b3f1c264c523394b4c39bbacc4dc92ba \
    --hash=sha256:b5314963fce9b0b12743891de876e724997864ee22aa496f903f426c7e2fa5b2 \
    --hash=sha256:bcf74c1df76758a395bf0af608c04c82257523f55c9868b334f06270d0f2112b \
    --hash=sha256:bd47ba7fc3ca94896759ea0109775132d3e7ab921fbf54038e1bab2e46c313c9 \
    --hash=sha256:c0323c9daef75ef2e5083624b4585018a0c9d5e3b40f607eed81a311270b934b \
    --hash=sha256:c1225416b463483160e4af85d5fc3a9690ccb53fd4b1865a6437825f5ede3209 \
    --hash=sha256:c1c948747b03be832dceed96ca815cef7360de9aa19d37c730f8e3f6101aca48 \
    --hash=sha256:c25fe15c70c59eb7c5ce8c06a1f3fa1da0ecc5ea1e7a5922c40fd2fa9b0d5046 \
    --hash=sha256:cc1b0fff8ead343dae06305f954eb8468ba0ec1a97881f42489d198e4ce3c632 \
    --hash=sha256:cd6280cf040f233bd7d3407b743b4b4c74f70e8e1c4199cb112a62c941c0772a \
    --hash=sha256:cd6c3d4b783c556fa00bf540854e42f135e2f256abd29669fcd0da0f2dec79c2 \
    --hash=sha256:d4d6fcde76f94f5cb9e43e9e9a61f16dacefd228cbbf6f1a09bd9b219a92f1a1 \
    --hash=sha256:ddf4af30b417d9fe16481e9b81c27ab2a7cde1ff7ba3e85653b02db7d145dc7b \
    --hash=sha256:df115d4d83168fdf2cae48ef1ff6d1cb4c466364e30861b37121de0f3bf1b990 \
    --hash=sha256:df7276909358e5635ae203673ab7e509ddd224225a8d6b0790bf13eb2bde1cc5 \
    --hash=sha256:e4fd89cc178bced6ad29cb3e6dd4aa63fa5017c3524dbd0b25998fb64a87cc8b \
    --hash=sha256:e9701d0049d92c16703a42771b98d560b95248949f23f8cf7b4eddd201814fb9 \
    --hash=sha256:ee2f2a527e3c1a6e6411eb4209642e138b544a2d72fe5d0d76daf77b24063534 \
    --hash=sha256:f7fb7d750cfa0a070d2c24e831fd3481019a60dd317ea2b39acbcebc08b6ed81 \
    --hash=sha256:f840ed6d8ecba8255df8c42b87fadeda98ddfc6eeec05e2dc66e26d46dd6f58a \
    --hash=sha256:f86c6358749bd4fda175388691e3ba8c46e24c5347d0afd20f9b7edfc9faf07d \
    --hash=sha256:fa36ec09ef71d158186bc79e359ff5fdd6e7996fe8ab638f00d6b93139ba4fcf \
    --hash=sha256:fe2c7201c642b7c308f1675355ad7ff7b66acfe3541625efe5a3ad38f29d6115
    # via requests
exceptiongroup==1.3.1 \
    --hash=sha256:8b412432c6055b0b7d14c310000ae93352ed6754f70fa8f7c34141f91c4e3219 \
    --hash=sha256:a7a39a3bd276781e98394987d3a5701d0c4edffb633bb7a5144577f82c773598
    # via pytest
idna==3.18 \
    --hash=sha256:7f952cbe720b688055e3f87de14f5c3e5fdaa8bc3928985c4077ca689de849a2 \
    --hash=sha256:ffb385a7e039654cef1ab9ef32c6fafe283c0c0467bba1d9029738ce4a14a848
    # via requests
iniconfig==2.1.0 \
    --hash=sha256:3abbd2e30b36733fee78f9c7f7308f2d0050e88f0087fd25c2645f63c773e1c7 \
    --hash=sha256:9deba5723312380e77435581c6bf4935c94cbfab9b1ed33ef8d238ea168eb760
    # via pytest
netcdf4==1.7.2 \
    --hash=sha256:09d61c2ddb6011afb51e77ea0f25cd0bdc28887fb426ffbbc661d920f20c9749 \
    --hash=sha256:118b476fd00d7e3ab9aa7771186d547da645ae3b49c0c7bdab866793ebf22f07 \
    --hash=sha256:142c9ed2db8a87a15ae0530c8a99f4f045435b0f495df733e9f111995e389d4f \
    --hash=sha256:16c3ba053930ed990e58827de6ab03184e407549004fb77438b98e5777e8cf3b \
    --hash=sha256:1ccc05328a8ff31921b539821791aeb20b054879f3fdf6d1d505bf6422824fec \
    --hash=sha256:205a5f1de3ddb993c7c97fb204a923a22408cc2e5facf08d75a8eb89b3e7e1a8 \
    --hash=sha256:28021c7e886e5bccf9a8ce504c032d1d7f98d86f67495fb7cf2c9564eba04510 \
    --hash=sha256:30d20e56b9ba2c48884eb89c91b63e6c0612b4927881707e34402719153ef17f \
    --hash=sha256:3291f9ad0c98c49a4dd16aefad1a9abd3a1b884171db6c81bdcee94671cfabe3 \
    --hash=sha256:568ea369e00b581302d77fc5fd0b8f78e520c7e08d0b5af5219ba51f3f1cd694 \
    --hash=sha256:572f71459ef4b30e8554dcc4e1e6f55de515acc82a50968b48fe622244a64548 \
    --hash=sha256:59b403032774c723ee749d7f2135be311bad7d00d1db284bebfab58b9d5cdb92 \
    --hash=sha256:5bdf3b34e6fd4210e34fdc5d1a669a22c4863d96f8a20a3928366acae7b3cbbb \
    --hash=sha256:5c5fbee6134ee1246c397e1508e5297d825aa19221fdf3fa8dc9727ad824d7a5 \
    --hash=sha256:5e9b485e3bd9294d25ff7dc9addefce42b3d23c1ee7e3627605277d159819392 \
    --hash=sha256:657774404b9f78a5e4d26506ac9bfe106e4a37238282a70803cc7ce679c5a6cc \
    --hash=sha256:6bf402c2c7c063474576e5cf89af877d0b0cd097d9316d5bc4fcb22b62f12567 \
    --hash=sha256:73bd7eda3cefb04c4076e76911f652f5ed56bf434e0a3958e367932953437557 \
    --hash=sha256:7460b638e41c8ce4179d082a81cb6456f0ce083d4d959f4d9e87a95cd86f64cb \
    --hash=sha256:76cb3bbbbe4cd5fca612578eb105c16217380f7f93af2b549e8f38296bc906bb \
    --hash=sha256:7e81c3c47f2772eab0b93fba8bb05b17b58dce17720e1bed25e9d76551deecd0 \
    --hash=sha256:7e896d92f01fbf365e33e2513d5a8c4cfe16ff406aae9b6034e5ba1538c8c7a8 \
    --hash=sha256:7f77e72281acc5f331f82271e5f7f014d46f5ca9bcaa5aafe3e46d66cee21320 \
    --hash=sha256:835ae7bcef666c967241baeeee9bef9376ddb7527297b24735597131f6f628e2 \
    --hash=sha256:8d6bfd38ba0bde04d56f06c1554714a2ea9dab75811c89450dc3ec57a9d36b80 \
    --hash=sha256:902aa50d70f49d002d896212a171d344c38f7b8ca520837c56c922ac1535c4a3 \
    --hash=sha256:96653fc75057df196010818367c63ba6d7e9af603df0a7fe43fcdad3fe0e9e56 \
    --hash=sha256:999bfc4acebf400ed724d5e7329e2e768accc7ee1fa1d82d505da782f730301b \
    --hash=sha256:a4c6375540b19989896136943abb6d44850ff6f1fa7d3f063253b1ad3f8b7fce \
    --hash=sha256:a51da09258b31776f474c1d47e484fc7214914cdc59edf4cee789ba632184591 \
    --hash=sha256:abe5b1837ff209185ecfe50bd71884c866b3ee69691051833e410e57f177e059 \
    --hash=sha256:bf11480f6b8a5b246818ffff6b4d90481e51f8b9555b41af0c372eb0aaf8b65f \
    --hash=sha256:cb2791dba37fc98fd1ac4e236c97822909f54efbcdf7f1415c9777810e0a28f4 \
    --hash=sha256:cb95b11804fe051897d1f2044b05d82a1847bc2549631cdd2f655dde7de77a9c \
    --hash=sha256:d0fa7a9674fae8ae4877e813173c3ff7a6beee166b8730bdc847f517b282ed31 \
    --hash=sha256:e73e3baa0b74afc414e53ff5095748fdbec7fb346eda351e567c23f2f0d247f1 \
    --hash=sha256:eb87c08d1700fe67c301898cf5ba3a3e1f8f2fbb417fcd0e2ac784846b60b058 \
    --hash=sha256:f54f5d39ffbcf1726a1e6fd90cb5fa74277ecea739a5fa0f424636d71beafe24 \
    --hash=sha256:f9d8a848373723f41ef662590b4f5e1832227501c9fd4513e8ad8da58c269977 \
    --hash=sha256:fd2a16dbddeb8fa7cf48c37bfc1967290332f2862bb82f984eec2007bb120aeb
    # via sofar
numpy==2.0.2 \
    --hash=sha256:0123ffdaa88fa4ab64835dcbde75dcdf89c453c922f18dced6e27c90d1d0ec5a \
    --hash=sha256:11a76c372d1d37437857280aa142086476136a8c0f373b2e648ab2c8f18fb195 \
    --hash=sha256:13e689d772146140a252c3a28501da66dfecd77490b498b168b501835041f951 \
    --hash=sha256:1e795a8be3ddbac43274f18588329c72939870a16cae810c2b73461c40718ab1 \
    --hash=sha256:26df23238872200f63518dd2aa984cfca675d82469535dc7162dc2ee52d9dd5c \
    --hash=sha256:286cd40ce2b7d652a6f22efdfc6d1edf879440e53e76a75955bc0c826c7e64dc \
    --hash=sha256:2b2955fa6f11907cf7a70dab0d0755159bca87755e831e47932367fc8f2f2d0b \
    --hash=sha256:2da5960c3cf0df7eafefd806d4e612c5e19358de82cb3c343631188991566ccd \
    --hash=sha256:312950fdd060354350ed123c0e25a71327d3711584beaef30cdaa93320c392d4 \
    --hash=sha256:423e89b23490805d2a5a96fe40ec507407b8ee786d66f7328be214f9679df6dd \
    --hash=sha256:496f71341824ed9f3d2fd36cf3ac57ae2e0165c143b55c3a035ee219413f3318 \
    --hash=sha256:49ca4decb342d66018b01932139c0961a8f9ddc7589611158cb3c27cbcf76448 \
    --hash=sha256:51129a29dbe56f9ca83438b706e2e69a39892b5eda6cedcb6b0c9fdc9b0d3ece \
    --hash=sha256:5fec9451a7789926bcf7c2b8d187292c9f93ea30284802a0ab3f5be8ab36865d \
    --hash=sha256:671bec6496f83202ed2d3c8fdc486a8fc86942f2e69ff0e986140339a63bcbe5 \
    --hash=sha256:7f0a0c6f12e07fa94133c8a67404322845220c06a9e80e85999afe727f7438b8 \
    --hash=sha256:807ec44583fd708a21d4a11d94aedf2f4f3c3719035c76a2bbe1fe8e217bdc57 \
    --hash=sha256:883c987dee1880e2a864ab0dc9892292582510604156762362d9326444636e78 \
    --hash=sha256:8c5713284ce4e282544c68d1c3b2c7161d38c256d2eefc93c1d683cf47683e66 \
    --hash=sha256:8cafab480740e22f8d833acefed5cc87ce276f4ece12fdaa2e8903db2f82897a \
    --hash=sha256:8df823f570d9adf0978347d1f926b2a867d5608f434a7cff7f7908c6570dcf5e \
    --hash=sha256:9059e10581ce4093f735ed23f3b9d283b9d517ff46009ddd485f1747eb22653c \
    --hash=sha256:905d16e0c60200656500c95b6b8dca5d109e23cb24abc701d41c02d74c6b3afa \
    --hash=sha256:9189427407d88ff25ecf8f12469d4d39d35bee1db5d39fc5c168c6f088a6956d \
    --hash=sha256:96a55f64139912d61de9137f11bf39a55ec8faec288c75a54f93dfd39f7eb40c \
    --hash=sha256:97032a27bd9d8988b9a97a8c4d2c9f2c15a81f61e2f21404d7e8ef00cb5be729 \
    --hash=sha256:984d96121c9f9616cd33fbd0618b7f08e0cfc9600a7ee1d6fd9b239186d19d97 \
    --hash=sha256:9a92ae5c14811e390f3767053ff54eaee3bf84576d99a2456391401323f4ec2c \
    --hash=sha256:9ea91dfb7c3d1c56a0e55657c0afb38cf1eeae4544c208dc465c3c9f3a7c09f9 \
    --hash=sha256:a15f476a45e6e5a3a79d8a14e62161d27ad897381fecfa4a09ed5322f2085669 \
    --hash=sha256:a392a68bd329eafac5817e5aefeb39038c48b671afd242710b451e76090e81f4 \
    --hash=sha256:a3f4ab0caa7f053f6797fcd4e1e25caee367db3112ef2b6ef82d749530768c73 \
    --hash=sha256:a46288ec55ebbd58947d31d72be2c63cbf839f0a63b49cb755022310792a3385 \
    --hash=sha256:a61ec659f68ae254e4d237816e33171497e978140353c0c2038d46e63282d0c8 \
    --hash=sha256:a842d573724391493a97a62ebbb8e731f8a5dcc5d285dfc99141ca15a3302d0c \
    --hash=sha256:becfae3ddd30736fe1889a37f1f580e245ba79a5855bff5f2a29cb3ccc22dd7b \
    --hash=sha256:c05e238064fc0610c840d1cf6a13bf63d7e391717d247f1bf0318172e759e692 \
    --hash=sha256:c1c9307701fec8f3f7a1e6711f9089c06e6284b3afbbcd259f7791282d660a15 \
    --hash=sha256:c7b0be4ef08607dd04da4092faee0b86607f111d5ae68036f16cc787e250a131 \
    --hash=sha256:cfd41e13fdc257aa5778496b8caa5e856dc4896d4ccf01841daee1d96465467a \
    --hash=sha256:d731a1c6116ba289c1e9ee714b08a8ff882944d4ad631fd411106a30f083c326 \
    --hash=sha256:df55d490dea7934f330006d0f81e8551ba6010a5bf035a249ef61a94f21c500b \
    --hash=sha256:ec9852fb39354b5a45a80bdab5ac02dd02b15f44b3804e9f00c556bf24b4bded \
    --hash=sha256:f15975dfec0cf2239224d80e32c3170b1d168335eaedee69da84fbe9f1f9cd04 \
    --hash=sha256:f26b258c385842546006213344c50655ff1555a9338e2e5e02a0756dc3e803dd
    # via
    #   -r tools/ss2-to-hesuvi/requirements.in
    #   cftime
    #   netcdf4
    #   sofar
    #   soundfile
packaging==26.2 \
    --hash=sha256:5fc45236b9446107ff2415ce77c807cee2862cb6fac22b8a73826d0693b0980e \
    --hash=sha256:ff452ff5a3e828ce110190feff1178bb1f2ea2281fa2075aadb987c2fb221661
    # via
    #   pytest
    #   sofar
pluggy==1.6.0 \
    --hash=sha256:7dcc130b76258d33b90f61b658791dede3486c3e6bfb003ee5c9bfb396dd22f3 \
    --hash=sha256:e920276dd6813095e9377c0bc5566d94c932c33b27a3e3945d8389c374dd4746
    # via pytest
pycparser==2.23 \
    --hash=sha256:78816d4f24add8f10a06d6f05b4d424ad9e96cfebf68a4ddc99c65c0720d00c2 \
    --hash=sha256:e5c6e8d3fbad53479cab09ac03729e0a9faf2bee3db8208a550daf5af81a5934
    # via cffi
pygments==2.20.0 \
    --hash=sha256:6757cd03768053ff99f3039c1a36d6c0aa0b263438fcab17520b30a303a82b5f \
    --hash=sha256:81a9e26dd42fd28a23a2d169d86d7ac03b46e2f8b59ed4698fb4785f946d0176
    # via pytest
pytest==8.4.2 \
    --hash=sha256:86c0d0b93306b961d58d62a4db4879f27fe25513d4b969df351abdddb3c30e01 \
    --hash=sha256:872f880de3fc3a5bdc88a11b39c9710c3497a547cfa9320bc3c5e62fbf272e79
    # via -r tools/ss2-to-hesuvi/requirements.in
requests==2.32.5 \
    --hash=sha256:2462f94637a34fd532264295e186976db0f5d453d1cdd31473c85a6a161affb6 \
    --hash=sha256:dbba0bac56e100853db0ea71b82b4dfd5fe2bf6d3754a8893c3af500cec7d7cf
    # via sofar
sofar==1.2.3 \
    --hash=sha256:31058d4460b0577016ce0f5de66376e7e1397b1bddc22e7c7fc036079f63d364 \
    --hash=sha256:d1c0813bdb2e56fc820ace5caaeebdbb22d562ae9f7c07af230a32ec71b63327
    # via -r tools/ss2-to-hesuvi/requirements.in
soundfile==0.13.1 \
    --hash=sha256:03267c4e493315294834a0870f31dbb3b28a95561b80b134f0bd3cf2d5f0e618 \
    --hash=sha256:1e70a05a0626524a69e9f0f4dd2ec174b4e9567f4d8b6c11d38b5c289be36ee9 \
    --hash=sha256:743f12c12c4054921e15736c6be09ac26b3b3d603aef6fd69f9dde68748f2593 \
    --hash=sha256:82dc664d19831933fe59adad199bf3945ad06d84bc111a5b4c0d3089a5b9ec33 \
    --hash=sha256:9c9e855f5a4d06ce4213f31918653ab7de0c5a8d8107cd2427e44b42df547deb \
    --hash=sha256:a23c717560da2cf4c7b5ae1142514e0fd82d6bbd9dfc93a50423447142f2c445 \
    --hash=sha256:b2c68dab1e30297317080a5b43df57e302584c49e2942defdde0acccc53f0e5b \
    --hash=sha256:c734564fab7c5ddf8e9be5bf70bab68042cd17e9c214c06e365e20d64f9a69d5
    # via -r tools/ss2-to-hesuvi/requirements.in
soupsieve==2.8.4 \
    --hash=sha256:e121fd02e975c695e4e9e8774a5ee35d74714b59307868dcc5319ad2d9e3328e \
    --hash=sha256:e7e6b0769c8f51ed59acab6e994b00621096cfb1c640a7509295987388fbaf65
    # via beautifulsoup4
tomli==2.4.1 \
    --hash=sha256:01f520d4f53ef97964a240a035ec2a869fe1a37dde002b57ebc4417a27ccd853 \
    --hash=sha256:0d85819802132122da43cb86656f8d1f8c6587d54ae7dcaf30e90533028b49fe \
    --hash=sha256:136443dbd7e1dee43c68ac2694fde36b2849865fa258d39bf822c10e8068eac5 \
    --hash=sha256:1d8591993e228b0c930c4bb0db464bdad97b3289fb981255d6c9a41aedc84b2d \
    --hash=sha256:2190f2e9dd7508d2a90ded5ed369255980a1bcdd58e52f7fe24b8162bf9fedbd \
    --hash=sha256:2c1c351919aca02858f740c6d33adea0c5deea37f9ecca1cc1ef9e884a619d26 \
    --hash=sha256:36d2bd2ad5fb9eaddba5226aa02c8ec3fa4f192631e347b3ed28186d43be6b54 \
    --hash=sha256:3d48a93ee1c9b79c04bb38772ee1b64dcf18ff43085896ea460ca8dec96f35f6 \
    --hash=sha256:47149d5bd38761ac8be13a84864bf0b7b70bc051806bc3669ab1cbc56216b23c \
    --hash=sha256:4ab97e64ccda8756376892c53a72bd1f964e519c77236368527f758fbc36a53a \
    --hash=sha256:4b605484e43cdc43f0954ddae319fb75f04cc10dd80d830540060ee7cd0243cd \
    --hash=sha256:504aa796fe0569bb43171066009ead363de03675276d2d121ac1a4572397870f \
    --hash=sha256:51529d40e3ca50046d7606fa99ce3956a617f9b36380da3b7f0dd3dd28e68cb5 \
    --hash=sha256:52c8ef851d9a240f11a88c003eacb03c31fc1c9c4ec64a99a0f922b93874fda9 \
    --hash=sha256:559db847dc486944896521f68d8190be1c9e719fced785720d2216fe7022b662 \
    --hash=sha256:5a881ab208c0baf688221f8cecc5401bd291d67e38a1ac884d6736cbcd8247e9 \
    --hash=sha256:5cb41aa38891e073ee49d55fbc7839cfdb2bc0e600add13874d048c94aadddd1 \
    --hash=sha256:5e262d41726bc187e69af7825504c933b6794dc3fbd5945e41a79bb14c31f585 \
    --hash=sha256:5ee18d9ebdb417e384b58fe414e8d6af9f4e7a0ae761519fb50f721de398dd4e \
    --hash=sha256:7008df2e7655c495dd12d2a4ad038ff878d4ca4b81fccaf82b714e07eae4402c \
    --hash=sha256:734e20b57ba95624ecf1841e72b53f6e186355e216e5412de414e3c51e5e3c41 \
    --hash=sha256:7c7e1a961a0b2f2472c1ac5b69affa0ae1132c39adcb67aba98568702b9cc23f \
    --hash=sha256:7f86fd587c4ed9dd76f318225e7d9b29cfc5a9d43de44e5754db8d1128487085 \
    --hash=sha256:7f94b27a62cfad8496c8d2513e1a222dd446f095fca8987fceef261225538a15 \
    --hash=sha256:88dceee75c2c63af144e456745e10101eb67361050196b0b6af5d717254dddf7 \
    --hash=sha256:8a650c2dbafa08d42e51ba0b62740dae4ecb9338eefa093aa5c78ceb546fcd5c \
    --hash=sha256:8d65a2fbf9d2f8352685bc1364177ee3923d6baf5e7f43ea4959d7d8bc326a36 \
    --hash=sha256:96481a5786729fd470164b47cdb3e0e58062a496f455ee41b4403be77cb5a076 \
    --hash=sha256:a120733b01c45e9a0c34aeef92bf0cf1d56cfe81ed9d47d562f9ed591a9828ac \
    --hash=sha256:b1d22e6e9387bf4739fbe23bfa80e93f6b0373a7f1b96c6227c32bef95a4d7a8 \
    --hash=sha256:b8c198f8c1805dc42708689ed6864951fd2494f924149d3e4bce7710f8eb5232 \
    --hash=sha256:c2541745709bad0264b7d4705ad453b76ccd191e64aa6f0fc66b69a293a45ece \
    --hash=sha256:c742f741d58a28940ce01d58f0ab2ea3ced8b12402f162f4d534dfe18ba1cd6a \
    --hash=sha256:c7f2c7f2b9ca6bdeef8f0fa897f8e05085923eb091721675170254cbc5b02897 \
    --hash=sha256:d312ef37c91508b0ab2cee7da26ec0b3ed2f03ce12bd87a588d771ae15dcf82d \
    --hash=sha256:d4d8fe59808a54658fcc0160ecfb1b30f9089906c50b23bcb4c69eddc19ec2b4 \
    --hash=sha256:da25dc3563bff5965356133435b757a795a17b17d01dbc0f42fb32447ddfd917 \
    --hash=sha256:eab21f45c7f66c13f2a9e0e1535309cee140182a9cdae1e041d02e47291e8396 \
    --hash=sha256:eb0dc4e38e6a1fd579e5d50369aa2e10acfc9cace504579b2faabb478e76941a \
    --hash=sha256:ec9bfaf3ad2df51ace80688143a6a4ebc09a248f6ff781a9945e51937008fcbc \
    --hash=sha256:ede3e6487c5ef5d28634ba3f31f989030ad6af71edfb0055cbbd14189ff240ba \
    --hash=sha256:f3c6818a1a86dd6dca7ddcaaf76947d5ba31aecc28cb1b67009a5877c9a64f3f \
    --hash=sha256:f758f1b9299d059cc3f6546ae2af89670cb1c4d48ea29c3cacc4fe7de3058257 \
    --hash=sha256:f8f0fc26ec2cc2b965b7a3b87cd19c5c6b8c5e5f436b984e85f486d652285c30 \
    --hash=sha256:fd0409a3653af6c147209d267a0e4243f0ae46b011aa978b1080359fddc9b6cf \
    --hash=sha256:ff18e6a727ee0ab0388507b89d1bc6a22b138d1e2fa56d1ad494586d61d2eae9 \
    --hash=sha256:ff2983983d34813c1aeb0fa89091e76c3a22889ee83ab27c5eeb45100560c049
    # via pytest
typing-extensions==4.16.0 \
    --hash=sha256:481caa481374e813c1b176ada14e97f1f67a4539ce9cfeb3f350d78d6370c2e8 \
    --hash=sha256:dc983d19a509c94dba722ee6abd33940f7c05a89e243c47e907eb4db6f1a43e5
    # via
    #   beautifulsoup4
    #   exceptiongroup
urllib3==2.6.3 \
    --hash=sha256:1b62b6884944a57dbe321509ab94fd4d3b307075e0c2eae991ac71ee15ad38ed \
    --hash=sha256:bf272323e553dfb2e87d9bfd225ca7b0f467b919d7bbd355436d3fd37cb0acd4
    # via requests
